// !$*UTF8*$!
{
	archiveVersion = 1;
	classes = {
	};
	objectVersion = 50;
	objects = {

/* Begin PBXBuildFile section */
		13BD7F6A244730EC00762BDD /* AppDelegate.swift in Sources */ = {isa = PBXBuildFile; fileRef = 13BD7F69244730EC00762BDD /* AppDelegate.swift */; };
		13BD7F6C244730EC00762BDD /* SceneDelegate.swift in Sources */ = {isa = PBXBuildFile; fileRef = 13BD7F6B244730EC00762BDD /* SceneDelegate.swift */; };
		13BD7F6E244730EC00762BDD /* WelcomeViewController.swift in Sources */ = {isa = PBXBuildFile; fileRef = 13BD7F6D244730EC00762BDD /* WelcomeViewController.swift */; };
		13BD7F71244730EC00762BDD /* Main.storyboard in Resources */ = {isa = PBXBuildFile; fileRef = 13BD7F6F244730EC00762BDD /* Main.storyboard */; };
		13BD7F74244730EC00762BDD /* WeatherApp.xcdatamodeld in Sources */ = {isa = PBXBuildFile; fileRef = 13BD7F72244730EC00762BDD /* WeatherApp.xcdatamodeld */; };
		13BD7F76244730F000762BDD /* Assets.xcassets in Resources */ = {isa = PBXBuildFile; fileRef = 13BD7F75244730F000762BDD /* Assets.xcassets */; };
		13BD7F79244730F000762BDD /* LaunchScreen.storyboard in Resources */ = {isa = PBXBuildFile; fileRef = 13BD7F77244730F000762BDD /* LaunchScreen.storyboard */; };
		13BD7F822447322500762BDD /* NetworkingService.swift in Sources */ = {isa = PBXBuildFile; fileRef = 13BD7F812447322500762BDD /* NetworkingService.swift */; };
		13BD7F85244767F200762BDD /* DictionaryExtension.swift in Sources */ = {isa = PBXBuildFile; fileRef = 13BD7F84244767F200762BDD /* DictionaryExtension.swift */; };
		13BD7F872447A5D900762BDD /* StoryboardInstantiable.swift in Sources */ = {isa = PBXBuildFile; fileRef = 13BD7F862447A5D900762BDD /* StoryboardInstantiable.swift */; };
		13BD7F8A2447A64700762BDD /* WeatherDataAPI.swift in Sources */ = {isa = PBXBuildFile; fileRef = 13BD7F892447A64700762BDD /* WeatherDataAPI.swift */; };
		13BD7F902447CEB200762BDD /* WeatherData.swift in Sources */ = {isa = PBXBuildFile; fileRef = 13BD7F8F2447CEB200762BDD /* WeatherData.swift */; };
		13BD7F942448A85500762BDD /* WelcomeViewModel.swift in Sources */ = {isa = PBXBuildFile; fileRef = 13BD7F932448A85500762BDD /* WelcomeViewModel.swift */; };
/* End PBXBuildFile section */

/* Begin PBXFileReference section */
		13BD7F66244730EC00762BDD /* WeatherApp.app */ = {isa = PBXFileReference; explicitFileType = wrapper.application; includeInIndex = 0; path = WeatherApp.app; sourceTree = BUILT_PRODUCTS_DIR; };
		13BD7F69244730EC00762BDD /* AppDelegate.swift */ = {isa = PBXFileReference; lastKnownFileType = sourcecode.swift; path = AppDelegate.swift; sourceTree = "<group>"; };
		13BD7F6B244730EC00762BDD /* SceneDelegate.swift */ = {isa = PBXFileReference; lastKnownFileType = sourcecode.swift; path = SceneDelegate.swift; sourceTree = "<group>"; };
		13BD7F6D244730EC00762BDD /* WelcomeViewController.swift */ = {isa = PBXFileReference; lastKnownFileType = sourcecode.swift; path = WelcomeViewController.swift; sourceTree = "<group>"; };
		13BD7F70244730EC00762BDD /* Base */ = {isa = PBXFileReference; lastKnownFileType = file.storyboard; name = Base; path = Base.lproj/Main.storyboard; sourceTree = "<group>"; };
		13BD7F73244730EC00762BDD /* WeatherApp.xcdatamodel */ = {isa = PBXFileReference; lastKnownFileType = wrapper.xcdatamodel; path = WeatherApp.xcdatamodel; sourceTree = "<group>"; };
		13BD7F75244730F000762BDD /* Assets.xcassets */ = {isa = PBXFileReference; lastKnownFileType = folder.assetcatalog; path = Assets.xcassets; sourceTree = "<group>"; };
		13BD7F78244730F000762BDD /* Base */ = {isa = PBXFileReference; lastKnownFileType = file.storyboard; name = Base; path = Base.lproj/LaunchScreen.storyboard; sourceTree = "<group>"; };
		13BD7F7A244730F000762BDD /* Info.plist */ = {isa = PBXFileReference; lastKnownFileType = text.plist.xml; path = Info.plist; sourceTree = "<group>"; };
		13BD7F812447322500762BDD /* NetworkingService.swift */ = {isa = PBXFileReference; lastKnownFileType = sourcecode.swift; path = NetworkingService.swift; sourceTree = "<group>"; };
		13BD7F84244767F200762BDD /* DictionaryExtension.swift */ = {isa = PBXFileReference; lastKnownFileType = sourcecode.swift; path = DictionaryExtension.swift; sourceTree = "<group>"; };
		13BD7F862447A5D900762BDD /* StoryboardInstantiable.swift */ = {isa = PBXFileReference; fileEncoding = 4; lastKnownFileType = sourcecode.swift; path = StoryboardInstantiable.swift; sourceTree = "<group>"; };
		13BD7F892447A64700762BDD /* WeatherDataAPI.swift */ = {isa = PBXFileReference; lastKnownFileType = sourcecode.swift; path = WeatherDataAPI.swift; sourceTree = "<group>"; };
		13BD7F8F2447CEB200762BDD /* WeatherData.swift */ = {isa = PBXFileReference; lastKnownFileType = sourcecode.swift; path = WeatherData.swift; sourceTree = "<group>"; };
		13BD7F932448A85500762BDD /* WelcomeViewModel.swift */ = {isa = PBXFileReference; lastKnownFileType = sourcecode.swift; path = WelcomeViewModel.swift; sourceTree = "<group>"; };
/* End PBXFileReference section */

/* Begin PBXFrameworksBuildPhase section */
		13BD7F63244730EC00762BDD /* Frameworks */ = {
			isa = PBXFrameworksBuildPhase;
			buildActionMask = 2147483647;
			files = (
			);
			runOnlyForDeploymentPostprocessing = 0;
		};
/* End PBXFrameworksBuildPhase section */

/* Begin PBXGroup section */
		13BD7F5D244730EC00762BDD = {
			isa = PBXGroup;
			children = (
				13BD7F68244730EC00762BDD /* WeatherApp */,
				13BD7F67244730EC00762BDD /* Products */,
			);
			sourceTree = "<group>";
		};
		13BD7F67244730EC00762BDD /* Products */ = {
			isa = PBXGroup;
			children = (
				13BD7F66244730EC00762BDD /* WeatherApp.app */,
			);
			name = Products;
			sourceTree = "<group>";
		};
		13BD7F68244730EC00762BDD /* WeatherApp */ = {
			isa = PBXGroup;
			children = (
				13BD7F912448A82100762BDD /* Domain */,
				13BD7F882447A62200762BDD /* API */,
				13BD7F80244731D500762BDD /* Utilities */,
				13BD7F69244730EC00762BDD /* AppDelegate.swift */,
				13BD7F6B244730EC00762BDD /* SceneDelegate.swift */,
				13BD7F75244730F000762BDD /* Assets.xcassets */,
				13BD7F77244730F000762BDD /* LaunchScreen.storyboard */,
				13BD7F7A244730F000762BDD /* Info.plist */,
				13BD7F72244730EC00762BDD /* WeatherApp.xcdatamodeld */,
			);
			path = WeatherApp;
			sourceTree = "<group>";
		};
		13BD7F80244731D500762BDD /* Utilities */ = {
			isa = PBXGroup;
			children = (
				13BD7F812447322500762BDD /* NetworkingService.swift */,
				13BD7F83244767D800762BDD /* Extensions */,
			);
			path = Utilities;
			sourceTree = "<group>";
		};
		13BD7F83244767D800762BDD /* Extensions */ = {
			isa = PBXGroup;
			children = (
				13BD7F84244767F200762BDD /* DictionaryExtension.swift */,
				13BD7F862447A5D900762BDD /* StoryboardInstantiable.swift */,
			);
			path = Extensions;
			sourceTree = "<group>";
		};
		13BD7F882447A62200762BDD /* API */ = {
			isa = PBXGroup;
			children = (
				13BD7F892447A64700762BDD /* WeatherDataAPI.swift */,
				13BD7F8F2447CEB200762BDD /* WeatherData.swift */,
			);
			path = API;
			sourceTree = "<group>";
		};
		13BD7F912448A82100762BDD /* Domain */ = {
			isa = PBXGroup;
			children = (
				13BD7F922448A83E00762BDD /* WelcomeView */,
			);
			path = Domain;
			sourceTree = "<group>";
		};
		13BD7F922448A83E00762BDD /* WelcomeView */ = {
			isa = PBXGroup;
			children = (
				13BD7F6D244730EC00762BDD /* WelcomeViewController.swift */,
				13BD7F6F244730EC00762BDD /* Main.storyboard */,
				13BD7F932448A85500762BDD /* WelcomeViewModel.swift */,
			);
			path = WelcomeView;
			sourceTree = "<group>";
		};
/* End PBXGroup section */

/* Begin PBXNativeTarget section */
		13BD7F65244730EC00762BDD /* WeatherApp */ = {
			isa = PBXNativeTarget;
			buildConfigurationList = 13BD7F7D244730F000762BDD /* Build configuration list for PBXNativeTarget "WeatherApp" */;
			buildPhases = (
				13BD7F62244730EC00762BDD /* Sources */,
				13BD7F63244730EC00762BDD /* Frameworks */,
				13BD7F64244730EC00762BDD /* Resources */,
			);
			buildRules = (
			);
			dependencies = (
			);
			name = WeatherApp;
			productName = WeatherApp;
			productReference = 13BD7F66244730EC00762BDD /* WeatherApp.app */;
			productType = "com.apple.product-type.application";
		};
/* End PBXNativeTarget section */

/* Begin PBXProject section */
		13BD7F5E244730EC00762BDD /* Project object */ = {
			isa = PBXProject;
			attributes = {
				LastSwiftUpdateCheck = 1130;
				LastUpgradeCheck = 1130;
				ORGANIZATIONNAME = "F. Bugra Demirel";
				TargetAttributes = {
					13BD7F65244730EC00762BDD = {
						CreatedOnToolsVersion = 11.3.1;
					};
				};
			};
			buildConfigurationList = 13BD7F61244730EC00762BDD /* Build configuration list for PBXProject "WeatherApp" */;
			compatibilityVersion = "Xcode 9.3";
			developmentRegion = en;
			hasScannedForEncodings = 0;
			knownRegions = (
				en,
				Base,
			);
			mainGroup = 13BD7F5D244730EC00762BDD;
			productRefGroup = 13BD7F67244730EC00762BDD /* Products */;
			projectDirPath = "";
			projectRoot = "";
			targets = (
				13BD7F65244730EC00762BDD /* WeatherApp */,
			);
		};
/* End PBXProject section */

/* Begin PBXResourcesBuildPhase section */
		13BD7F64244730EC00762BDD /* Resources */ = {
			isa = PBXResourcesBuildPhase;
			buildActionMask = 2147483647;
			files = (
				13BD7F79244730F000762BDD /* LaunchScreen.storyboard in Resources */,
				13BD7F76244730F000762BDD /* Assets.xcassets in Resources */,
				13BD7F71244730EC00762BDD /* Main.storyboard in Resources */,
			);
			runOnlyForDeploymentPostprocessing = 0;
		};
/* End PBXResourcesBuildPhase section */

/* Begin PBXSourcesBuildPhase section */
		13BD7F62244730EC00762BDD /* Sources */ = {
			isa = PBXSourcesBuildPhase;
			buildActionMask = 2147483647;
			files = (
				13BD7F822447322500762BDD /* NetworkingService.swift in Sources */,
				13BD7F942448A85500762BDD /* WelcomeViewModel.swift in Sources */,
				13BD7F74244730EC00762BDD /* WeatherApp.xcdatamodeld in Sources */,
				13BD7F6E244730EC00762BDD /* WelcomeViewController.swift in Sources */,
				13BD7F8A2447A64700762BDD /* WeatherDataAPI.swift in Sources */,
				13BD7F85244767F200762BDD /* DictionaryExtension.swift in Sources */,
				13BD7F872447A5D900762BDD /* StoryboardInstantiable.swift in Sources */,
				13BD7F6A244730EC00762BDD /* AppDelegate.swift in Sources */,
				13BD7F902447CEB200762BDD /* WeatherData.swift in Sources */,
				13BD7F6C244730EC00762BDD /* SceneDelegate.swift in Sources */,
			);
			runOnlyForDeploymentPostprocessing = 0;
		};
/* End PBXSourcesBuildPhase section */

/* Begin PBXVariantGroup section */
		13BD7F6F244730EC00762BDD /* Main.storyboard */ = {
			isa = PBXVariantGroup;
			children = (
				13BD7F70244730EC00762BDD /* Base */,
			);
			name = Main.storyboard;
			sourceTree = "<group>";
		};
		13BD7F77244730F000762BDD /* LaunchScreen.storyboard */ = {
			isa = PBXVariantGroup;
			children = (
				13BD7F78244730F000762BDD /* Base */,
			);
			name = LaunchScreen.storyboard;
			sourceTree = "<group>";
		};
/* End PBXVariantGroup section */

/* Begin XCBuildConfiguration section */
		13BD7F7B244730F000762BDD /* Debug */ = {
			isa = XCBuildConfiguration;
			buildSettings = {
				ALWAYS_SEARCH_USER_PATHS = NO;
				CLANG_ANALYZER_NONNULL = YES;
				CLANG_ANALYZER_NUMBER_OBJECT_CONVERSION = YES_AGGRESSIVE;
				CLANG_CXX_LANGUAGE_STANDARD = "gnu++14";
				CLANG_CXX_LIBRARY = "libc++";
				CLANG_ENABLE_MODULES = YES;
				CLANG_ENABLE_OBJC_ARC = YES;
				CLANG_ENABLE_OBJC_WEAK = YES;
				CLANG_WARN_BLOCK_CAPTURE_AUTORELEASING = YES;
				CLANG_WARN_BOOL_CONVERSION = YES;
				CLANG_WARN_COMMA = YES;
				CLANG_WARN_CONSTANT_CONVERSION = YES;
				CLANG_WARN_DEPRECATED_OBJC_IMPLEMENTATIONS = YES;
				CLANG_WARN_DIRECT_OBJC_ISA_USAGE = YES_ERROR;
				CLANG_WARN_DOCUMENTATION_COMMENTS = YES;
				CLANG_WARN_EMPTY_BODY = YES;
				CLANG_WARN_ENUM_CONVERSION = YES;
				CLANG_WARN_INFINITE_RECURSION = YES;
				CLANG_WARN_INT_CONVERSION = YES;
				CLANG_WARN_NON_LITERAL_NULL_CONVERSION = YES;
				CLANG_WARN_OBJC_IMPLICIT_RETAIN_SELF = YES;
				CLANG_WARN_OBJC_LITERAL_CONVERSION = YES;
				CLANG_WARN_OBJC_ROOT_CLASS = YES_ERROR;
				CLANG_WARN_RANGE_LOOP_ANALYSIS = YES;
				CLANG_WARN_STRICT_PROTOTYPES = YES;
				CLANG_WARN_SUSPICIOUS_MOVE = YES;
				CLANG_WARN_UNGUARDED_AVAILABILITY = YES_AGGRESSIVE;
				CLANG_WARN_UNREACHABLE_CODE = YES;
				CLANG_WARN__DUPLICATE_METHOD_MATCH = YES;
				COPY_PHASE_STRIP = NO;
				DEBUG_INFORMATION_FORMAT = dwarf;
				ENABLE_STRICT_OBJC_MSGSEND = YES;
				ENABLE_TESTABILITY = YES;
				GCC_C_LANGUAGE_STANDARD = gnu11;
				GCC_DYNAMIC_NO_PIC = NO;
				GCC_NO_COMMON_BLOCKS = YES;
				GCC_OPTIMIZATION_LEVEL = 0;
				GCC_PREPROCESSOR_DEFINITIONS = (
					"DEBUG=1",
					"$(inherited)",
				);
				GCC_WARN_64_TO_32_BIT_CONVERSION = YES;
				GCC_WARN_ABOUT_RETURN_TYPE = YES_ERROR;
				GCC_WARN_UNDECLARED_SELECTOR = YES;
				GCC_WARN_UNINITIALIZED_AUTOS = YES_AGGRESSIVE;
				GCC_WARN_UNUSED_FUNCTION = YES;
				GCC_WARN_UNUSED_VARIABLE = YES;
				IPHONEOS_DEPLOYMENT_TARGET = 13.2;
				MTL_ENABLE_DEBUG_INFO = INCLUDE_SOURCE;
				MTL_FAST_MATH = YES;
				ONLY_ACTIVE_ARCH = YES;
				SDKROOT = iphoneos;
				SWIFT_ACTIVE_COMPILATION_CONDITIONS = DEBUG;
				SWIFT_OPTIMIZATION_LEVEL = "-Onone";
			};
			name = Debug;
		};
		13BD7F7C244730F000762BDD /* Release */ = {
			isa = XCBuildConfiguration;
			buildSettings = {
				ALWAYS_SEARCH_USER_PATHS = NO;
				CLANG_ANALYZER_NONNULL = YES;
				CLANG_ANALYZER_NUMBER_OBJECT_CONVERSION = YES_AGGRESSIVE;
				CLANG_CXX_LANGUAGE_STANDARD = "gnu++14";
				CLANG_CXX_LIBRARY = "libc++";
				CLANG_ENABLE_MODULES = YES;
				CLANG_ENABLE_OBJC_ARC = YES;
				CLANG_ENABLE_OBJC_WEAK = YES;
				CLANG_WARN_BLOCK_CAPTURE_AUTORELEASING = YES;
				CLANG_WARN_BOOL_CONVERSION = YES;
				CLANG_WARN_COMMA = YES;
				CLANG_WARN_CONSTANT_CONVERSION = YES;
				CLANG_WARN_DEPRECATED_OBJC_IMPLEMENTATIONS = YES;
				CLANG_WARN_DIRECT_OBJC_ISA_USAGE = YES_ERROR;
				CLANG_WARN_DOCUMENTATION_COMMENTS = YES;
				CLANG_WARN_EMPTY_BODY = YES;
				CLANG_WARN_ENUM_CONVERSION = YES;
				CLANG_WARN_INFINITE_RECURSION = YES;
				CLANG_WARN_INT_CONVERSION = YES;
				CLANG_WARN_NON_LITERAL_NULL_CONVERSION = YES;
				CLANG_WARN_OBJC_IMPLICIT_RETAIN_SELF = YES;
				CLANG_WARN_OBJC_LITERAL_CONVERSION = YES;
				CLANG_WARN_OBJC_ROOT_CLASS = YES_ERROR;
				CLANG_WARN_RANGE_LOOP_ANALYSIS = YES;
				CLANG_WARN_STRICT_PROTOTYPES = YES;
				CLANG_WARN_SUSPICIOUS_MOVE = YES;
				CLANG_WARN_UNGUARDED_AVAILABILITY = YES_AGGRESSIVE;
				CLANG_WARN_UNREACHABLE_CODE = YES;
				CLANG_WARN__DUPLICATE_METHOD_MATCH = YES;
				COPY_PHASE_STRIP = NO;
				DEBUG_INFORMATION_FORMAT = "dwarf-with-dsym";
				ENABLE_NS_ASSERTIONS = NO;
				ENABLE_STRICT_OBJC_MSGSEND = YES;
				GCC_C_LANGUAGE_STANDARD = gnu11;
				GCC_NO_COMMON_BLOCKS = YES;
				GCC_WARN_64_TO_32_BIT_CONVERSION = YES;
				GCC_WARN_ABOUT_RETURN_TYPE = YES_ERROR;
				GCC_WARN_UNDECLARED_SELECTOR = YES;
				GCC_WARN_UNINITIALIZED_AUTOS = YES_AGGRESSIVE;
				GCC_WARN_UNUSED_FUNCTION = YES;
				GCC_WARN_UNUSED_VARIABLE = YES;
				IPHONEOS_DEPLOYMENT_TARGET = 13.2;
				MTL_ENABLE_DEBUG_INFO = NO;
				MTL_FAST_MATH = YES;
				SDKROOT = iphoneos;
				SWIFT_COMPILATION_MODE = wholemodule;
				SWIFT_OPTIMIZATION_LEVEL = "-O";
				VALIDATE_PRODUCT = YES;
			};
			name = Release;
		};
		13BD7F7E244730F000762BDD /* Debug */ = {
			isa = XCBuildConfiguration;
			buildSettings = {
				ASSETCATALOG_COMPILER_APPICON_NAME = AppIcon;
				CODE_SIGN_STYLE = Automatic;
				DEVELOPMENT_TEAM = 3NZR5HJ443;
				INFOPLIST_FILE = WeatherApp/Info.plist;
				LD_RUNPATH_SEARCH_PATHS = (
					"$(inherited)",
					"@executable_path/Frameworks",
				);
				PRODUCT_BUNDLE_IDENTIFIER = com.farukbugrademirel.WeatherApp;
				PRODUCT_NAME = "$(TARGET_NAME)";
				SWIFT_VERSION = 5.0;
				TARGETED_DEVICE_FAMILY = 1;
			};
			name = Debug;
		};
		13BD7F7F244730F000762BDD /* Release */ = {
			isa = XCBuildConfiguration;
			buildSettings = {
				ASSETCATALOG_COMPILER_APPICON_NAME = AppIcon;
				CODE_SIGN_STYLE = Automatic;
				DEVELOPMENT_TEAM = 3NZR5HJ443;
				INFOPLIST_FILE = WeatherApp/Info.plist;
				LD_RUNPATH_SEARCH_PATHS = (
					"$(inherited)",
					"@executable_path/Frameworks",
				);
				PRODUCT_BUNDLE_IDENTIFIER = com.farukbugrademirel.WeatherApp;
				PRODUCT_NAME = "$(TARGET_NAME)";
				SWIFT_VERSION = 5.0;
				TARGETED_DEVICE_FAMILY = 1;
			};
			name = Release;
		};
/* End XCBuildConfiguration section */

/* Begin XCConfigurationList section */
		13BD7F61244730EC00762BDD /* Build configuration list for PBXProject "WeatherApp" */ = {
			isa = XCConfigurationList;
			buildConfigurations = (
				13BD7F7B244730F000762BDD /* Debug */,
				13BD7F7C244730F000762BDD /* Release */,
			);
			defaultConfigurationIsVisible = 0;
			defaultConfigurationName = Release;
		};
		13BD7F7D244730F000762BDD /* Build configuration list for PBXNativeTarget "WeatherApp" */ = {
			isa = XCConfigurationList;
			buildConfigurations = (
				13BD7F7E244730F000762BDD /* Debug */,
				13BD7F7F244730F000762BDD /* Release */,
			);
			defaultConfigurationIsVisible = 0;
			defaultConfigurationName = Release;
		};
/* End XCConfigurationList section */

/* Begin XCVersionGroup section */
		13BD7F72244730EC00762BDD /* WeatherApp.xcdatamodeld */ = {
			isa = XCVersionGroup;
			children = (
				13BD7F73244730EC00762BDD /* WeatherApp.xcdatamodel */,
			);
			currentVersion = 13BD7F73244730EC00762BDD /* WeatherApp.xcdatamodel */;
			path = WeatherApp.xcdatamodeld;
			sourceTree = "<group>";
			versionGroupType = wrapper.xcdatamodel;
		};
/* End XCVersionGroup section */
	};
	rootObject = 13BD7F5E244730EC00762BDD /* Project object */;
}
